
Microsoft Visual Studio Solution File, Format Version 12.00
# Visual Studio 15
VisualStudioVersion = 15.0.28307.421
MinimumVisualStudioVersion = 10.0.40219.1
Project("{159641D6-6404-4A2A-AE62-294DE0FE8301}") = "SSISTest", "SSISTest\SSISTest.dtproj", "{A7224B4C-CBBD-4536-90F0-AE6AD3528377}"
EndProject
Global
	GlobalSection(SolutionConfigurationPlatforms) = preSolution
		Development|Default = Development|Default
	EndGlobalSection
	GlobalSection(ProjectConfigurationPlatforms) = postSolution
		{A7224B4C-CBBD-4536-90F0-AE6AD3528377}.Development|Default.ActiveCfg = Development
		{A7224B4C-CBBD-4536-90F0-AE6AD3528377}.Development|Default.Build.0 = Development
	EndGlobalSection
	GlobalSection(SolutionProperties) = preSolution
		HideSolutionNode = FALSE
	EndGlobalSection
	GlobalSection(ExtensibilityGlobals) = postSolution
		SolutionGuid = {7753AFA6-E99E-46F9-9F00-C145B7BDC64B}
	EndGlobalSection
EndGlobal
